
Microsoft Visual Studio Solution File, Format Version 12.00
# Visual Studio 2013
VisualStudioVersion = 12.0.40629.0
MinimumVisualStudioVersion = 10.0.40219.1
Project("{159641D6-6404-4A2A-AE62-294DE0FE8301}") = "test_task_ssis", "test_task_ssis\test_task_ssis.dtproj", "{94746F76-61EF-4587-A7F5-6DDCB03C85D9}"
EndProject
Global
	GlobalSection(SolutionConfigurationPlatforms) = preSolution
		Development|Default = Development|Default
	EndGlobalSection
	GlobalSection(ProjectConfigurationPlatforms) = postSolution
		{94746F76-61EF-4587-A7F5-6DDCB03C85D9}.Development|Default.ActiveCfg = Development
		{94746F76-61EF-4587-A7F5-6DDCB03C85D9}.Development|Default.Build.0 = Development
	EndGlobalSection
	GlobalSection(SolutionProperties) = preSolution
		HideSolutionNode = FALSE
	EndGlobalSection
EndGlobal
